// !$*UTF8*$!
{
	archiveVersion = 1;
	classes = {
	};
	objectVersion = 46;
	objects = {

/* Begin PBXBuildFile section */
		6FF3A43B16FA304500D221AB /* UIKit.framework in Frameworks */ = {isa = PBXBuildFile; fileRef = 6FF3A43A16FA304500D221AB /* UIKit.framework */; };
		6FF3A43D16FA304500D221AB /* Foundation.framework in Frameworks */ = {isa = PBXBuildFile; fileRef = 6FF3A43C16FA304500D221AB /* Foundation.framework */; };
		6FF3A43F16FA304500D221AB /* CoreGraphics.framework in Frameworks */ = {isa = PBXBuildFile; fileRef = 6FF3A43E16FA304500D221AB /* CoreGraphics.framework */; };
		6FF3A44516FA304500D221AB /* InfoPlist.strings in Resources */ = {isa = PBXBuildFile; fileRef = 6FF3A44316FA304500D221AB /* InfoPlist.strings */; };
		6FF3A44716FA304500D221AB /* main.m in Sources */ = {isa = PBXBuildFile; fileRef = 6FF3A44616FA304500D221AB /* main.m */; };
		6FF3A44B16FA304600D221AB /* AppDelegate.m in Sources */ = {isa = PBXBuildFile; fileRef = 6FF3A44A16FA304600D221AB /* AppDelegate.m */; };
		6FF3A44D16FA304600D221AB /* Default.png in Resources */ = {isa = PBXBuildFile; fileRef = 6FF3A44C16FA304600D221AB /* Default.png */; };
		6FF3A44F16FA304600D221AB /* Default@2x.png in Resources */ = {isa = PBXBuildFile; fileRef = 6FF3A44E16FA304600D221AB /* Default@2x.png */; };
		6FF3A45116FA304600D221AB /* Default-568h@2x.png in Resources */ = {isa = PBXBuildFile; fileRef = 6FF3A45016FA304600D221AB /* Default-568h@2x.png */; };
		6FF3A45416FA304600D221AB /* MainStoryboard.storyboard in Resources */ = {isa = PBXBuildFile; fileRef = 6FF3A45216FA304600D221AB /* MainStoryboard.storyboard */; };
		6FF3A45716FA304600D221AB /* ViewController.m in Sources */ = {isa = PBXBuildFile; fileRef = 6FF3A45616FA304600D221AB /* ViewController.m */; };
/* End PBXBuildFile section */

/* Begin PBXFileReference section */
		6FF3A43716FA304500D221AB /* CloudShareApplication.app */ = {isa = PBXFileReference; explicitFileType = wrapper.application; includeInIndex = 0; path = CloudShareApplication.app; sourceTree = BUILT_PRODUCTS_DIR; };
		6FF3A43A16FA304500D221AB /* UIKit.framework */ = {isa = PBXFileReference; lastKnownFileType = wrapper.framework; name = UIKit.framework; path = System/Library/Frameworks/UIKit.framework; sourceTree = SDKROOT; };
		6FF3A43C16FA304500D221AB /* Foundation.framework */ = {isa = PBXFileReference; lastKnownFileType = wrapper.framework; name = Foundation.framework; path = System/Library/Frameworks/Foundation.framework; sourceTree = SDKROOT; };
		6FF3A43E16FA304500D221AB /* CoreGraphics.framework */ = {isa = PBXFileReference; lastKnownFileType = wrapper.framework; name = CoreGraphics.framework; path = System/Library/Frameworks/CoreGraphics.framework; sourceTree = SDKROOT; };
		6FF3A44216FA304500D221AB /* CloudShareApplication-Info.plist */ = {isa = PBXFileReference; lastKnownFileType = text.plist.xml; path = "CloudShareApplication-Info.plist"; sourceTree = "<group>"; };
		6FF3A44416FA304500D221AB /* en */ = {isa = PBXFileReference; lastKnownFileType = text.plist.strings; name = en; path = en.lproj/InfoPlist.strings; sourceTree = "<group>"; };
		6FF3A44616FA304500D221AB /* main.m */ = {isa = PBXFileReference; lastKnownFileType = sourcecode.c.objc; path = main.m; sourceTree = "<group>"; };
		6FF3A44816FA304500D221AB /* CloudShareApplication-Prefix.pch */ = {isa = PBXFileReference; lastKnownFileType = sourcecode.c.h; path = "CloudShareApplication-Prefix.pch"; sourceTree = "<group>"; };
		6FF3A44916FA304600D221AB /* AppDelegate.h */ = {isa = PBXFileReference; lastKnownFileType = sourcecode.c.h; path = AppDelegate.h; sourceTree = "<group>"; };
		6FF3A44A16FA304600D221AB /* AppDelegate.m */ = {isa = PBXFileReference; lastKnownFileType = sourcecode.c.objc; path = AppDelegate.m; sourceTree = "<group>"; };
		6FF3A44C16FA304600D221AB /* Default.png */ = {isa = PBXFileReference; lastKnownFileType = image.png; path = Default.png; sourceTree = "<group>"; };
		6FF3A44E16FA304600D221AB /* Default@2x.png */ = {isa = PBXFileReference; lastKnownFileType = image.png; path = "Default@2x.png"; sourceTree = "<group>"; };
		6FF3A45016FA304600D221AB /* Default-568h@2x.png */ = {isa = PBXFileReference; lastKnownFileType = image.png; path = "Default-568h@2x.png"; sourceTree = "<group>"; };
		6FF3A45316FA304600D221AB /* en */ = {isa = PBXFileReference; lastKnownFileType = file.storyboard; name = en; path = en.lproj/MainStoryboard.storyboard; sourceTree = "<group>"; };
		6FF3A45516FA304600D221AB /* ViewController.h */ = {isa = PBXFileReference; lastKnownFileType = sourcecode.c.h; path = ViewController.h; sourceTree = "<group>"; };
		6FF3A45616FA304600D221AB /* ViewController.m */ = {isa = PBXFileReference; lastKnownFileType = sourcecode.c.objc; path = ViewController.m; sourceTree = "<group>"; };
/* End PBXFileReference section */

/* Begin PBXFrameworksBuildPhase section */
		6FF3A43416FA304500D221AB /* Frameworks */ = {
			isa = PBXFrameworksBuildPhase;
			buildActionMask = 2147483647;
			files = (
				6FF3A43B16FA304500D221AB /* UIKit.framework in Frameworks */,
				6FF3A43D16FA304500D221AB /* Foundation.framework in Frameworks */,
				6FF3A43F16FA304500D221AB /* CoreGraphics.framework in Frameworks */,
			);
			runOnlyForDeploymentPostprocessing = 0;
		};
/* End PBXFrameworksBuildPhase section */

/* Begin PBXGroup section */
		6FF3A42E16FA304500D221AB = {
			isa = PBXGroup;
			children = (
				6FF3A44016FA304500D221AB /* CloudShareApplication */,
				6FF3A43916FA304500D221AB /* Frameworks */,
				6FF3A43816FA304500D221AB /* Products */,
			);
			sourceTree = "<group>";
		};
		6FF3A43816FA304500D221AB /* Products */ = {
			isa = PBXGroup;
			children = (
				6FF3A43716FA304500D221AB /* CloudShareApplication.app */,
			);
			name = Products;
			sourceTree = "<group>";
		};
		6FF3A43916FA304500D221AB /* Frameworks */ = {
			isa = PBXGroup;
			children = (
				6FF3A43A16FA304500D221AB /* UIKit.framework */,
				6FF3A43C16FA304500D221AB /* Foundation.framework */,
				6FF3A43E16FA304500D221AB /* CoreGraphics.framework */,
			);
			name = Frameworks;
			sourceTree = "<group>";
		};
		6FF3A44016FA304500D221AB /* CloudShareApplication */ = {
			isa = PBXGroup;
			children = (
				6FF3A44916FA304600D221AB /* AppDelegate.h */,
				6FF3A44A16FA304600D221AB /* AppDelegate.m */,
				6FF3A45216FA304600D221AB /* MainStoryboard.storyboard */,
				6FF3A45516FA304600D221AB /* ViewController.h */,
				6FF3A45616FA304600D221AB /* ViewController.m */,
				6FF3A44116FA304500D221AB /* Supporting Files */,
			);
			path = CloudShareApplication;
			sourceTree = "<group>";
		};
		6FF3A44116FA304500D221AB /* Supporting Files */ = {
			isa = PBXGroup;
			children = (
				6FF3A44216FA304500D221AB /* CloudShareApplication-Info.plist */,
				6FF3A44316FA304500D221AB /* InfoPlist.strings */,
				6FF3A44616FA304500D221AB /* main.m */,
				6FF3A44816FA304500D221AB /* CloudShareApplication-Prefix.pch */,
				6FF3A44C16FA304600D221AB /* Default.png */,
				6FF3A44E16FA304600D221AB /* Default@2x.png */,
				6FF3A45016FA304600D221AB /* Default-568h@2x.png */,
			);
			name = "Supporting Files";
			sourceTree = "<group>";
		};
/* End PBXGroup section */

/* Begin PBXNativeTarget section */
		6FF3A43616FA304500D221AB /* CloudShareApplication */ = {
			isa = PBXNativeTarget;
			buildConfigurationList = 6FF3A45A16FA304600D221AB /* Build configuration list for PBXNativeTarget "CloudShareApplication" */;
			buildPhases = (
				6FF3A43316FA304500D221AB /* Sources */,
				6FF3A43416FA304500D221AB /* Frameworks */,
				6FF3A43516FA304500D221AB /* Resources */,
			);
			buildRules = (
			);
			dependencies = (
			);
			name = CloudShareApplication;
			productName = CloudShareApplication;
			productReference = 6FF3A43716FA304500D221AB /* CloudShareApplication.app */;
			productType = "com.apple.product-type.application";
		};
/* End PBXNativeTarget section */

/* Begin PBXProject section */
		6FF3A42F16FA304500D221AB /* Project object */ = {
			isa = PBXProject;
			attributes = {
				LastUpgradeCheck = 0460;
				ORGANIZATIONNAME = "Andrew Murphy";
			};
			buildConfigurationList = 6FF3A43216FA304500D221AB /* Build configuration list for PBXProject "CloudShareApplication" */;
			compatibilityVersion = "Xcode 3.2";
			developmentRegion = English;
			hasScannedForEncodings = 0;
			knownRegions = (
				en,
			);
			mainGroup = 6FF3A42E16FA304500D221AB;
			productRefGroup = 6FF3A43816FA304500D221AB /* Products */;
			projectDirPath = "";
			projectRoot = "";
			targets = (
				6FF3A43616FA304500D221AB /* CloudShareApplication */,
			);
		};
/* End PBXProject section */

/* Begin PBXResourcesBuildPhase section */
		6FF3A43516FA304500D221AB /* Resources */ = {
			isa = PBXResourcesBuildPhase;
			buildActionMask = 2147483647;
			files = (
				6FF3A44516FA304500D221AB /* InfoPlist.strings in Resources */,
				6FF3A44D16FA304600D221AB /* Default.png in Resources */,
				6FF3A44F16FA304600D221AB /* Default@2x.png in Resources */,
				6FF3A45116FA304600D221AB /* Default-568h@2x.png in Resources */,
				6FF3A45416FA304600D221AB /* MainStoryboard.storyboard in Resources */,
			);
			runOnlyForDeploymentPostprocessing = 0;
		};
/* End PBXResourcesBuildPhase section */

/* Begin PBXSourcesBuildPhase section */
		6FF3A43316FA304500D221AB /* Sources */ = {
			isa = PBXSourcesBuildPhase;
			buildActionMask = 2147483647;
			files = (
				6FF3A44716FA304500D221AB /* main.m in Sources */,
				6FF3A44B16FA304600D221AB /* AppDelegate.m in Sources */,
				6FF3A45716FA304600D221AB /* ViewController.m in Sources */,
			);
			runOnlyForDeploymentPostprocessing = 0;
		};
/* End PBXSourcesBuildPhase section */

/* Begin PBXVariantGroup section */
		6FF3A44316FA304500D221AB /* InfoPlist.strings */ = {
			isa = PBXVariantGroup;
			children = (
				6FF3A44416FA304500D221AB /* en */,
			);
			name = InfoPlist.strings;
			sourceTree = "<group>";
		};
		6FF3A45216FA304600D221AB /* MainStoryboard.storyboard */ = {
			isa = PBXVariantGroup;
			children = (
				6FF3A45316FA304600D221AB /* en */,
			);
			name = MainStoryboard.storyboard;
			sourceTree = "<group>";
		};
/* End PBXVariantGroup section */

/* Begin XCBuildConfiguration section */
		6FF3A45816FA304600D221AB /* Debug */ = {
			isa = XCBuildConfiguration;
			buildSettings = {
				ALWAYS_SEARCH_USER_PATHS = NO;
				CLANG_CXX_LANGUAGE_STANDARD = "gnu++0x";
				CLANG_CXX_LIBRARY = "libc++";
				CLANG_ENABLE_OBJC_ARC = YES;
				CLANG_WARN_CONSTANT_CONVERSION = YES;
				CLANG_WARN_EMPTY_BODY = YES;
				CLANG_WARN_ENUM_CONVERSION = YES;
				CLANG_WARN_INT_CONVERSION = YES;
				CLANG_WARN__DUPLICATE_METHOD_MATCH = YES;
				"CODE_SIGN_IDENTITY[sdk=iphoneos*]" = "iPhone Developer";
				COPY_PHASE_STRIP = NO;
				GCC_C_LANGUAGE_STANDARD = gnu99;
				GCC_DYNAMIC_NO_PIC = NO;
				GCC_OPTIMIZATION_LEVEL = 0;
				GCC_PREPROCESSOR_DEFINITIONS = (
					"DEBUG=1",
					"$(inherited)",
				);
				GCC_SYMBOLS_PRIVATE_EXTERN = NO;
				GCC_WARN_ABOUT_RETURN_TYPE = YES;
				GCC_WARN_UNINITIALIZED_AUTOS = YES;
				GCC_WARN_UNUSED_VARIABLE = YES;
				IPHONEOS_DEPLOYMENT_TARGET = 6.1;
				ONLY_ACTIVE_ARCH = YES;
				SDKROOT = iphoneos;
			};
			name = Debug;
		};
		6FF3A45916FA304600D221AB /* Release */ = {
			isa = XCBuildConfiguration;
			buildSettings = {
				ALWAYS_SEARCH_USER_PATHS = NO;
				CLANG_CXX_LANGUAGE_STANDARD = "gnu++0x";
				CLANG_CXX_LIBRARY = "libc++";
				CLANG_ENABLE_OBJC_ARC = YES;
				CLANG_WARN_CONSTANT_CONVERSION = YES;
				CLANG_WARN_EMPTY_BODY = YES;
				CLANG_WARN_ENUM_CONVERSION = YES;
				CLANG_WARN_INT_CONVERSION = YES;
				CLANG_WARN__DUPLICATE_METHOD_MATCH = YES;
				"CODE_SIGN_IDENTITY[sdk=iphoneos*]" = "iPhone Developer";
				COPY_PHASE_STRIP = YES;
				GCC_C_LANGUAGE_STANDARD = gnu99;
				GCC_WARN_ABOUT_RETURN_TYPE = YES;
				GCC_WARN_UNINITIALIZED_AUTOS = YES;
				GCC_WARN_UNUSED_VARIABLE = YES;
				IPHONEOS_DEPLOYMENT_TARGET = 6.1;
				OTHER_CFLAGS = "-DNS_BLOCK_ASSERTIONS=1";
				SDKROOT = iphoneos;
				VALIDATE_PRODUCT = YES;
			};
			name = Release;
		};
		6FF3A45B16FA304600D221AB /* Debug */ = {
			isa = XCBuildConfiguration;
			buildSettings = {
				GCC_PRECOMPILE_PREFIX_HEADER = YES;
				GCC_PREFIX_HEADER = "CloudShareApplication/CloudShareApplication-Prefix.pch";
				INFOPLIST_FILE = "CloudShareApplication/CloudShareApplication-Info.plist";
				PRODUCT_NAME = "$(TARGET_NAME)";
				WRAPPER_EXTENSION = app;
			};
			name = Debug;
		};
		6FF3A45C16FA304600D221AB /* Release */ = {
			isa = XCBuildConfiguration;
			buildSettings = {
				GCC_PRECOMPILE_PREFIX_HEADER = YES;
				GCC_PREFIX_HEADER = "CloudShareApplication/CloudShareApplication-Prefix.pch";
				INFOPLIST_FILE = "CloudShareApplication/CloudShareApplication-Info.plist";
				PRODUCT_NAME = "$(TARGET_NAME)";
				WRAPPER_EXTENSION = app;
			};
			name = Release;
		};
/* End XCBuildConfiguration section */

/* Begin XCConfigurationList section */
		6FF3A43216FA304500D221AB /* Build configuration list for PBXProject "CloudShareApplication" */ = {
			isa = XCConfigurationList;
			buildConfigurations = (
				6FF3A45816FA304600D221AB /* Debug */,
				6FF3A45916FA304600D221AB /* Release */,
			);
			defaultConfigurationIsVisible = 0;
			defaultConfigurationName = Release;
		};
		6FF3A45A16FA304600D221AB /* Build configuration list for PBXNativeTarget "CloudShareApplication" */ = {
			isa = XCConfigurationList;
			buildConfigurations = (
				6FF3A45B16FA304600D221AB /* Debug */,
				6FF3A45C16FA304600D221AB /* Release */,
			);
			defaultConfigurationIsVisible = 0;
		};
/* End XCConfigurationList section */
	};
	rootObject = 6FF3A42F16FA304500D221AB /* Project object */;
}
